
Microsoft Visual Studio Solution File, Format Version 12.00
# Visual Studio 2012
Project("{FAE04EC0-301F-11D3-BF4B-00C04F79EFBC}") = "Nerdfeed", "Nerdfeed\Nerdfeed.csproj", "{8E0BB1DA-402C-4BA0-BB9D-A505711D38AE}"
EndProject
Global
	GlobalSection(SolutionConfigurationPlatforms) = preSolution
		Debug|iPhoneSimulator = Debug|iPhoneSimulator
		Release|iPhoneSimulator = Release|iPhoneSimulator
		Debug|iPhone = Debug|iPhone
		Release|iPhone = Release|iPhone
		Ad-Hoc|iPhone = Ad-Hoc|iPhone
		AppStore|iPhone = AppStore|iPhone
	EndGlobalSection
	GlobalSection(ProjectConfigurationPlatforms) = postSolution
		{8E0BB1DA-402C-4BA0-BB9D-A505711D38AE}.Ad-Hoc|iPhone.ActiveCfg = Ad-Hoc|iPhone
		{8E0BB1DA-402C-4BA0-BB9D-A505711D38AE}.Ad-Hoc|iPhone.Build.0 = Ad-Hoc|iPhone
		{8E0BB1DA-402C-4BA0-BB9D-A505711D38AE}.AppStore|iPhone.ActiveCfg = AppStore|iPhone
		{8E0BB1DA-402C-4BA0-BB9D-A505711D38AE}.AppStore|iPhone.Build.0 = AppStore|iPhone
		{8E0BB1DA-402C-4BA0-BB9D-A505711D38AE}.Debug|iPhone.ActiveCfg = Debug|iPhone
		{8E0BB1DA-402C-4BA0-BB9D-A505711D38AE}.Debug|iPhone.Build.0 = Debug|iPhone
		{8E0BB1DA-402C-4BA0-BB9D-A505711D38AE}.Debug|iPhoneSimulator.ActiveCfg = Debug|iPhoneSimulator
		{8E0BB1DA-402C-4BA0-BB9D-A505711D38AE}.Debug|iPhoneSimulator.Build.0 = Debug|iPhoneSimulator
		{8E0BB1DA-402C-4BA0-BB9D-A505711D38AE}.Release|iPhone.ActiveCfg = Release|iPhone
		{8E0BB1DA-402C-4BA0-BB9D-A505711D38AE}.Release|iPhone.Build.0 = Release|iPhone
		{8E0BB1DA-402C-4BA0-BB9D-A505711D38AE}.Release|iPhoneSimulator.ActiveCfg = Release|iPhoneSimulator
		{8E0BB1DA-402C-4BA0-BB9D-A505711D38AE}.Release|iPhoneSimulator.Build.0 = Release|iPhoneSimulator
	EndGlobalSection
	GlobalSection(MonoDevelopProperties) = preSolution
		StartupItem = Nerdfeed\Nerdfeed.csproj
	EndGlobalSection
EndGlobal
