
Microsoft Visual Studio Solution File, Format Version 12.00
# Visual Studio 2012
Project("{FAE04EC0-301F-11D3-BF4B-00C04F79EFBC}") = "ZIPspector", "ZIPspector\ZIPspector.csproj", "{400C5240-B8CC-4B25-A793-78288B34F0B1}"
EndProject
Global
	GlobalSection(SolutionConfigurationPlatforms) = preSolution
		Debug|Any CPU = Debug|Any CPU
		Release|Any CPU = Release|Any CPU
	EndGlobalSection
	GlobalSection(ProjectConfigurationPlatforms) = postSolution
		{400C5240-B8CC-4B25-A793-78288B34F0B1}.Debug|Any CPU.ActiveCfg = Debug|Any CPU
		{400C5240-B8CC-4B25-A793-78288B34F0B1}.Debug|Any CPU.Build.0 = Debug|Any CPU
		{400C5240-B8CC-4B25-A793-78288B34F0B1}.Release|Any CPU.ActiveCfg = Release|Any CPU
		{400C5240-B8CC-4B25-A793-78288B34F0B1}.Release|Any CPU.Build.0 = Release|Any CPU
	EndGlobalSection
EndGlobal
